
Microsoft Visual Studio Solution File, Format Version 12.00
# Visual Studio 15
VisualStudioVersion = 15.0.28010.2036
MinimumVisualStudioVersion = 10.0.40219.1
Project("{FAE04EC0-301F-11D3-BF4B-00C04F79EFBC}") = "BlogPessoal.Web", "BlogPessoal.Web\BlogPessoal.Web.csproj", "{5C812C79-D71C-4E47-974D-79BB10C47ED2}"
EndProject
Project("{FAE04EC0-301F-11D3-BF4B-00C04F79EFBC}") = "BlogPessoal.Tests", "BlogPessoal.Tests\BlogPessoal.Tests.csproj", "{76BDBE52-2404-497A-9277-EB255C5470A8}"
EndProject
Project("{2150E333-8FDC-42A3-9474-1A3956D46DE8}") = "src", "src", "{F0154608-E2FA-49E5-A6C6-D309EC90EF23}"
EndProject
Project("{2150E333-8FDC-42A3-9474-1A3956D46DE8}") = "tests", "tests", "{5164E27D-5CC1-42A4-AA50-49CA86F16F4C}"
EndProject
Global
	GlobalSection(SolutionConfigurationPlatforms) = preSolution
		Debug|Any CPU = Debug|Any CPU
		Release|Any CPU = Release|Any CPU
	EndGlobalSection
	GlobalSection(ProjectConfigurationPlatforms) = postSolution
		{5C812C79-D71C-4E47-974D-79BB10C47ED2}.Debug|Any CPU.ActiveCfg = Debug|Any CPU
		{5C812C79-D71C-4E47-974D-79BB10C47ED2}.Debug|Any CPU.Build.0 = Debug|Any CPU
		{5C812C79-D71C-4E47-974D-79BB10C47ED2}.Release|Any CPU.ActiveCfg = Release|Any CPU
		{5C812C79-D71C-4E47-974D-79BB10C47ED2}.Release|Any CPU.Build.0 = Release|Any CPU
		{76BDBE52-2404-497A-9277-EB255C5470A8}.Debug|Any CPU.ActiveCfg = Debug|Any CPU
		{76BDBE52-2404-497A-9277-EB255C5470A8}.Debug|Any CPU.Build.0 = Debug|Any CPU
		{76BDBE52-2404-497A-9277-EB255C5470A8}.Release|Any CPU.ActiveCfg = Release|Any CPU
		{76BDBE52-2404-497A-9277-EB255C5470A8}.Release|Any CPU.Build.0 = Release|Any CPU
	EndGlobalSection
	GlobalSection(SolutionProperties) = preSolution
		HideSolutionNode = FALSE
	EndGlobalSection
	GlobalSection(NestedProjects) = preSolution
		{5C812C79-D71C-4E47-974D-79BB10C47ED2} = {F0154608-E2FA-49E5-A6C6-D309EC90EF23}
		{76BDBE52-2404-497A-9277-EB255C5470A8} = {5164E27D-5CC1-42A4-AA50-49CA86F16F4C}
	EndGlobalSection
	GlobalSection(ExtensibilityGlobals) = postSolution
		SolutionGuid = {FD2BDF2D-D4A3-4E81-B420-A28A5CA035F2}
	EndGlobalSection
EndGlobal
